// !$*UTF8*$!
{
	archiveVersion = 1;
	classes = {
	};
	objectVersion = 51;
	objects = {

/* Begin PBXBuildFile section */
		1829A27E236842F6009B168A /* APIClient.m in Sources */ = {isa = PBXBuildFile; fileRef = 1829A276236842F6009B168A /* APIClient.m */; };
		1829A27F236842F6009B168A /* APIResult.m in Sources */ = {isa = PBXBuildFile; fileRef = 1829A279236842F6009B168A /* APIResult.m */; };
		1829A280236842F6009B168A /* APIRequest.m in Sources */ = {isa = PBXBuildFile; fileRef = 1829A27B236842F6009B168A /* APIRequest.m */; };
		1829A284236845FF009B168A /* TestViewController.m in Sources */ = {isa = PBXBuildFile; fileRef = 1829A283236845FF009B168A /* TestViewController.m */; };
		1829A28923684686009B168A /* TestViewModdel.m in Sources */ = {isa = PBXBuildFile; fileRef = 1829A28823684686009B168A /* TestViewModdel.m */; };
		1829A28D236848D1009B168A /* API.m in Sources */ = {isa = PBXBuildFile; fileRef = 1829A28C236848D1009B168A /* API.m */; };
		182CA13B23278436005DC701 /* AppDelegate.m in Sources */ = {isa = PBXBuildFile; fileRef = 182CA13A23278436005DC701 /* AppDelegate.m */; };
		182CA13E23278436005DC701 /* ViewController.m in Sources */ = {isa = PBXBuildFile; fileRef = 182CA13D23278436005DC701 /* ViewController.m */; };
		182CA14123278436005DC701 /* Main.storyboard in Resources */ = {isa = PBXBuildFile; fileRef = 182CA13F23278436005DC701 /* Main.storyboard */; };
		182CA14323278437005DC701 /* Assets.xcassets in Resources */ = {isa = PBXBuildFile; fileRef = 182CA14223278437005DC701 /* Assets.xcassets */; };
		182CA14623278437005DC701 /* LaunchScreen.storyboard in Resources */ = {isa = PBXBuildFile; fileRef = 182CA14423278437005DC701 /* LaunchScreen.storyboard */; };
		182CA14923278437005DC701 /* main.m in Sources */ = {isa = PBXBuildFile; fileRef = 182CA14823278437005DC701 /* main.m */; };
		6010131039B47EC309B89D5A /* Pods_NetWorkRequestDemo.framework in Frameworks */ = {isa = PBXBuildFile; fileRef = DBCCCA2D33680CBC75CCEEC6 /* Pods_NetWorkRequestDemo.framework */; };
/* End PBXBuildFile section */

/* Begin PBXFileReference section */
		1829A275236842F6009B168A /* APIClient.h */ = {isa = PBXFileReference; fileEncoding = 4; lastKnownFileType = sourcecode.c.h; path = APIClient.h; sourceTree = "<group>"; };
		1829A276236842F6009B168A /* APIClient.m */ = {isa = PBXFileReference; fileEncoding = 4; lastKnownFileType = sourcecode.c.objc; path = APIClient.m; sourceTree = "<group>"; };
		1829A278236842F6009B168A /* APIResult.h */ = {isa = PBXFileReference; fileEncoding = 4; lastKnownFileType = sourcecode.c.h; path = APIResult.h; sourceTree = "<group>"; };
		1829A279236842F6009B168A /* APIResult.m */ = {isa = PBXFileReference; fileEncoding = 4; lastKnownFileType = sourcecode.c.objc; path = APIResult.m; sourceTree = "<group>"; };
		1829A27B236842F6009B168A /* APIRequest.m */ = {isa = PBXFileReference; fileEncoding = 4; lastKnownFileType = sourcecode.c.objc; path = APIRequest.m; sourceTree = "<group>"; };
		1829A27C236842F6009B168A /* APIRequest.h */ = {isa = PBXFileReference; fileEncoding = 4; lastKnownFileType = sourcecode.c.h; path = APIRequest.h; sourceTree = "<group>"; };
		1829A27D236842F6009B168A /* APIRequestProtocol.h */ = {isa = PBXFileReference; fileEncoding = 4; lastKnownFileType = sourcecode.c.h; path = APIRequestProtocol.h; sourceTree = "<group>"; };
		1829A282236845FF009B168A /* TestViewController.h */ = {isa = PBXFileReference; lastKnownFileType = sourcecode.c.h; path = TestViewController.h; sourceTree = "<group>"; };
		1829A283236845FF009B168A /* TestViewController.m */ = {isa = PBXFileReference; lastKnownFileType = sourcecode.c.objc; path = TestViewController.m; sourceTree = "<group>"; };
		1829A28723684686009B168A /* TestViewModdel.h */ = {isa = PBXFileReference; lastKnownFileType = sourcecode.c.h; path = TestViewModdel.h; sourceTree = "<group>"; };
		1829A28823684686009B168A /* TestViewModdel.m */ = {isa = PBXFileReference; lastKnownFileType = sourcecode.c.objc; path = TestViewModdel.m; sourceTree = "<group>"; };
		1829A28B236848D1009B168A /* API.h */ = {isa = PBXFileReference; lastKnownFileType = sourcecode.c.h; path = API.h; sourceTree = "<group>"; };
		1829A28C236848D1009B168A /* API.m */ = {isa = PBXFileReference; lastKnownFileType = sourcecode.c.objc; path = API.m; sourceTree = "<group>"; };
		182CA13623278436005DC701 /* NetWorkRequestDemo.app */ = {isa = PBXFileReference; explicitFileType = wrapper.application; includeInIndex = 0; path = NetWorkRequestDemo.app; sourceTree = BUILT_PRODUCTS_DIR; };
		182CA13923278436005DC701 /* AppDelegate.h */ = {isa = PBXFileReference; lastKnownFileType = sourcecode.c.h; path = AppDelegate.h; sourceTree = "<group>"; };
		182CA13A23278436005DC701 /* AppDelegate.m */ = {isa = PBXFileReference; lastKnownFileType = sourcecode.c.objc; path = AppDelegate.m; sourceTree = "<group>"; };
		182CA13C23278436005DC701 /* ViewController.h */ = {isa = PBXFileReference; lastKnownFileType = sourcecode.c.h; path = ViewController.h; sourceTree = "<group>"; };
		182CA13D23278436005DC701 /* ViewController.m */ = {isa = PBXFileReference; lastKnownFileType = sourcecode.c.objc; path = ViewController.m; sourceTree = "<group>"; };
		182CA14023278436005DC701 /* Base */ = {isa = PBXFileReference; lastKnownFileType = file.storyboard; name = Base; path = Base.lproj/Main.storyboard; sourceTree = "<group>"; };
		182CA14223278437005DC701 /* Assets.xcassets */ = {isa = PBXFileReference; lastKnownFileType = folder.assetcatalog; path = Assets.xcassets; sourceTree = "<group>"; };
		182CA14523278437005DC701 /* Base */ = {isa = PBXFileReference; lastKnownFileType = file.storyboard; name = Base; path = Base.lproj/LaunchScreen.storyboard; sourceTree = "<group>"; };
		182CA14723278437005DC701 /* Info.plist */ = {isa = PBXFileReference; lastKnownFileType = text.plist.xml; path = Info.plist; sourceTree = "<group>"; };
		182CA14823278437005DC701 /* main.m */ = {isa = PBXFileReference; lastKnownFileType = sourcecode.c.objc; path = main.m; sourceTree = "<group>"; };
		3990206937FB3E2C4DB56585 /* Pods-NetWorkRequestDemo.debug.xcconfig */ = {isa = PBXFileReference; includeInIndex = 1; lastKnownFileType = text.xcconfig; name = "Pods-NetWorkRequestDemo.debug.xcconfig"; path = "Target Support Files/Pods-NetWorkRequestDemo/Pods-NetWorkRequestDemo.debug.xcconfig"; sourceTree = "<group>"; };
		AE8833115DFB8EDD1C81D7F9 /* Pods-NetWorkRequestDemo.release.xcconfig */ = {isa = PBXFileReference; includeInIndex = 1; lastKnownFileType = text.xcconfig; name = "Pods-NetWorkRequestDemo.release.xcconfig"; path = "Target Support Files/Pods-NetWorkRequestDemo/Pods-NetWorkRequestDemo.release.xcconfig"; sourceTree = "<group>"; };
		DBCCCA2D33680CBC75CCEEC6 /* Pods_NetWorkRequestDemo.framework */ = {isa = PBXFileReference; explicitFileType = wrapper.framework; includeInIndex = 0; path = Pods_NetWorkRequestDemo.framework; sourceTree = BUILT_PRODUCTS_DIR; };
/* End PBXFileReference section */

/* Begin PBXFrameworksBuildPhase section */
		182CA13323278436005DC701 /* Frameworks */ = {
			isa = PBXFrameworksBuildPhase;
			buildActionMask = 2147483647;
			files = (
				6010131039B47EC309B89D5A /* Pods_NetWorkRequestDemo.framework in Frameworks */,
			);
			runOnlyForDeploymentPostprocessing = 0;
		};
/* End PBXFrameworksBuildPhase section */

/* Begin PBXGroup section */
		1829A273236842F6009B168A /* NetWork */ = {
			isa = PBXGroup;
			children = (
				1829A28A236848B9009B168A /* API */,
				1829A274236842F6009B168A /* APIClient */,
				1829A277236842F6009B168A /* APIResult */,
				1829A27A236842F6009B168A /* APIRequest */,
				1829A27D236842F6009B168A /* APIRequestProtocol.h */,
			);
			path = NetWork;
			sourceTree = "<group>";
		};
		1829A274236842F6009B168A /* APIClient */ = {
			isa = PBXGroup;
			children = (
				1829A275236842F6009B168A /* APIClient.h */,
				1829A276236842F6009B168A /* APIClient.m */,
			);
			path = APIClient;
			sourceTree = "<group>";
		};
		1829A277236842F6009B168A /* APIResult */ = {
			isa = PBXGroup;
			children = (
				1829A278236842F6009B168A /* APIResult.h */,
				1829A279236842F6009B168A /* APIResult.m */,
			);
			path = APIResult;
			sourceTree = "<group>";
		};
		1829A27A236842F6009B168A /* APIRequest */ = {
			isa = PBXGroup;
			children = (
				1829A27B236842F6009B168A /* APIRequest.m */,
				1829A27C236842F6009B168A /* APIRequest.h */,
			);
			path = APIRequest;
			sourceTree = "<group>";
		};
		1829A281236845E1009B168A /* Test */ = {
			isa = PBXGroup;
			children = (
				1829A28623684662009B168A /* ViewModel */,
				1829A28523684616009B168A /* ViewController */,
			);
			path = Test;
			sourceTree = "<group>";
		};
		1829A28523684616009B168A /* ViewController */ = {
			isa = PBXGroup;
			children = (
				1829A282236845FF009B168A /* TestViewController.h */,
				1829A283236845FF009B168A /* TestViewController.m */,
			);
			path = ViewController;
			sourceTree = "<group>";
		};
		1829A28623684662009B168A /* ViewModel */ = {
			isa = PBXGroup;
			children = (
				1829A28723684686009B168A /* TestViewModdel.h */,
				1829A28823684686009B168A /* TestViewModdel.m */,
			);
			path = ViewModel;
			sourceTree = "<group>";
		};
		1829A28A236848B9009B168A /* API */ = {
			isa = PBXGroup;
			children = (
				1829A28B236848D1009B168A /* API.h */,
				1829A28C236848D1009B168A /* API.m */,
			);
			path = API;
			sourceTree = "<group>";
		};
		182CA12D23278436005DC701 = {
			isa = PBXGroup;
			children = (
				182CA13823278436005DC701 /* NetWorkRequestDemo */,
				182CA13723278436005DC701 /* Products */,
				B13D05405D206C469C36C6F5 /* Pods */,
				B81EA198E6BF22D8D09E5911 /* Frameworks */,
			);
			sourceTree = "<group>";
		};
		182CA13723278436005DC701 /* Products */ = {
			isa = PBXGroup;
			children = (
				182CA13623278436005DC701 /* NetWorkRequestDemo.app */,
			);
			name = Products;
			sourceTree = "<group>";
		};
		182CA13823278436005DC701 /* NetWorkRequestDemo */ = {
			isa = PBXGroup;
			children = (
				1829A281236845E1009B168A /* Test */,
				1829A273236842F6009B168A /* NetWork */,
				182CA13923278436005DC701 /* AppDelegate.h */,
				182CA13A23278436005DC701 /* AppDelegate.m */,
				182CA13C23278436005DC701 /* ViewController.h */,
				182CA13D23278436005DC701 /* ViewController.m */,
				182CA13F23278436005DC701 /* Main.storyboard */,
				182CA14223278437005DC701 /* Assets.xcassets */,
				182CA14423278437005DC701 /* LaunchScreen.storyboard */,
				182CA14723278437005DC701 /* Info.plist */,
				182CA14823278437005DC701 /* main.m */,
			);
			path = NetWorkRequestDemo;
			sourceTree = "<group>";
		};
		B13D05405D206C469C36C6F5 /* Pods */ = {
			isa = PBXGroup;
			children = (
				3990206937FB3E2C4DB56585 /* Pods-NetWorkRequestDemo.debug.xcconfig */,
				AE8833115DFB8EDD1C81D7F9 /* Pods-NetWorkRequestDemo.release.xcconfig */,
			);
			path = Pods;
			sourceTree = "<group>";
		};
		B81EA198E6BF22D8D09E5911 /* Frameworks */ = {
			isa = PBXGroup;
			children = (
				DBCCCA2D33680CBC75CCEEC6 /* Pods_NetWorkRequestDemo.framework */,
			);
			name = Frameworks;
			sourceTree = "<group>";
		};
/* End PBXGroup section */

/* Begin PBXNativeTarget section */
		182CA13523278436005DC701 /* NetWorkRequestDemo */ = {
			isa = PBXNativeTarget;
			buildConfigurationList = 182CA14C23278437005DC701 /* Build configuration list for PBXNativeTarget "NetWorkRequestDemo" */;
			buildPhases = (
				C247D213164AFA028955F22A /* [CP] Check Pods Manifest.lock */,
				182CA13223278436005DC701 /* Sources */,
				182CA13323278436005DC701 /* Frameworks */,
				182CA13423278436005DC701 /* Resources */,
				67AF6E3EC5DA52BED83033EB /* [CP] Embed Pods Frameworks */,
			);
			buildRules = (
			);
			dependencies = (
			);
			name = NetWorkRequestDemo;
			productName = NetWorkRequestDemo;
			productReference = 182CA13623278436005DC701 /* NetWorkRequestDemo.app */;
			productType = "com.apple.product-type.application";
		};
/* End PBXNativeTarget section */

/* Begin PBXProject section */
		182CA12E23278436005DC701 /* Project object */ = {
			isa = PBXProject;
			attributes = {
				LastUpgradeCheck = 1030;
				ORGANIZATIONNAME = apple;
				TargetAttributes = {
					182CA13523278436005DC701 = {
						CreatedOnToolsVersion = 10.3;
					};
				};
			};
			buildConfigurationList = 182CA13123278436005DC701 /* Build configuration list for PBXProject "NetWorkRequestDemo" */;
			compatibilityVersion = "Xcode 9.3";
			developmentRegion = en;
			hasScannedForEncodings = 0;
			knownRegions = (
				en,
				Base,
			);
			mainGroup = 182CA12D23278436005DC701;
			productRefGroup = 182CA13723278436005DC701 /* Products */;
			projectDirPath = "";
			projectRoot = "";
			targets = (
				182CA13523278436005DC701 /* NetWorkRequestDemo */,
			);
		};
/* End PBXProject section */

/* Begin PBXResourcesBuildPhase section */
		182CA13423278436005DC701 /* Resources */ = {
			isa = PBXResourcesBuildPhase;
			buildActionMask = 2147483647;
			files = (
				182CA14623278437005DC701 /* LaunchScreen.storyboard in Resources */,
				182CA14323278437005DC701 /* Assets.xcassets in Resources */,
				182CA14123278436005DC701 /* Main.storyboard in Resources */,
			);
			runOnlyForDeploymentPostprocessing = 0;
		};
/* End PBXResourcesBuildPhase section */

/* Begin PBXShellScriptBuildPhase section */
		67AF6E3EC5DA52BED83033EB /* [CP] Embed Pods Frameworks */ = {
			isa = PBXShellScriptBuildPhase;
			buildActionMask = 2147483647;
			files = (
			);
			inputFileListPaths = (
				"${PODS_ROOT}/Target Support Files/Pods-NetWorkRequestDemo/Pods-NetWorkRequestDemo-frameworks-${CONFIGURATION}-input-files.xcfilelist",
			);
			name = "[CP] Embed Pods Frameworks";
			outputFileListPaths = (
				"${PODS_ROOT}/Target Support Files/Pods-NetWorkRequestDemo/Pods-NetWorkRequestDemo-frameworks-${CONFIGURATION}-output-files.xcfilelist",
			);
			runOnlyForDeploymentPostprocessing = 0;
			shellPath = /bin/sh;
			shellScript = "\"${PODS_ROOT}/Target Support Files/Pods-NetWorkRequestDemo/Pods-NetWorkRequestDemo-frameworks.sh\"\n";
			showEnvVarsInLog = 0;
		};
		C247D213164AFA028955F22A /* [CP] Check Pods Manifest.lock */ = {
			isa = PBXShellScriptBuildPhase;
			buildActionMask = 2147483647;
			files = (
			);
			inputFileListPaths = (
			);
			inputPaths = (
				"${PODS_PODFILE_DIR_PATH}/Podfile.lock",
				"${PODS_ROOT}/Manifest.lock",
			);
			name = "[CP] Check Pods Manifest.lock";
			outputFileListPaths = (
			);
			outputPaths = (
				"$(DERIVED_FILE_DIR)/Pods-NetWorkRequestDemo-checkManifestLockResult.txt",
			);
			runOnlyForDeploymentPostprocessing = 0;
			shellPath = /bin/sh;
			shellScript = "diff \"${PODS_PODFILE_DIR_PATH}/Podfile.lock\" \"${PODS_ROOT}/Manifest.lock\" > /dev/null\nif [ $? != 0 ] ; then\n    # print error to STDERR\n    echo \"error: The sandbox is not in sync with the Podfile.lock. Run 'pod install' or update your CocoaPods installation.\" >&2\n    exit 1\nfi\n# This output is used by Xcode 'outputs' to avoid re-running this script phase.\necho \"SUCCESS\" > \"${SCRIPT_OUTPUT_FILE_0}\"\n";
			showEnvVarsInLog = 0;
		};
/* End PBXShellScriptBuildPhase section */

/* Begin PBXSourcesBuildPhase section */
		182CA13223278436005DC701 /* Sources */ = {
			isa = PBXSourcesBuildPhase;
			buildActionMask = 2147483647;
			files = (
				182CA13E23278436005DC701 /* ViewController.m in Sources */,
				182CA14923278437005DC701 /* main.m in Sources */,
				1829A284236845FF009B168A /* TestViewController.m in Sources */,
				1829A28923684686009B168A /* TestViewModdel.m in Sources */,
				1829A280236842F6009B168A /* APIRequest.m in Sources */,
				1829A27F236842F6009B168A /* APIResult.m in Sources */,
				1829A28D236848D1009B168A /* API.m in Sources */,
				182CA13B23278436005DC701 /* AppDelegate.m in Sources */,
				1829A27E236842F6009B168A /* APIClient.m in Sources */,
			);
			runOnlyForDeploymentPostprocessing = 0;
		};
/* End PBXSourcesBuildPhase section */

/* Begin PBXVariantGroup section */
		182CA13F23278436005DC701 /* Main.storyboard */ = {
			isa = PBXVariantGroup;
			children = (
				182CA14023278436005DC701 /* Base */,
			);
			name = Main.storyboard;
			sourceTree = "<group>";
		};
		182CA14423278437005DC701 /* LaunchScreen.storyboard */ = {
			isa = PBXVariantGroup;
			children = (
				182CA14523278437005DC701 /* Base */,
			);
			name = LaunchScreen.storyboard;
			sourceTree = "<group>";
		};
/* End PBXVariantGroup section */

/* Begin XCBuildConfiguration section */
		182CA14A23278437005DC701 /* Debug */ = {
			isa = XCBuildConfiguration;
			buildSettings = {
				ALWAYS_SEARCH_USER_PATHS = NO;
				CLANG_ANALYZER_NONNULL = YES;
				CLANG_ANALYZER_NUMBER_OBJECT_CONVERSION = YES_AGGRESSIVE;
				CLANG_CXX_LANGUAGE_STANDARD = "gnu++14";
				CLANG_CXX_LIBRARY = "libc++";
				CLANG_ENABLE_MODULES = YES;
				CLANG_ENABLE_OBJC_ARC = YES;
				CLANG_ENABLE_OBJC_WEAK = YES;
				CLANG_WARN_BLOCK_CAPTURE_AUTORELEASING = YES;
				CLANG_WARN_BOOL_CONVERSION = YES;
				CLANG_WARN_COMMA = YES;
				CLANG_WARN_CONSTANT_CONVERSION = YES;
				CLANG_WARN_DEPRECATED_OBJC_IMPLEMENTATIONS = YES;
				CLANG_WARN_DIRECT_OBJC_ISA_USAGE = YES_ERROR;
				CLANG_WARN_DOCUMENTATION_COMMENTS = YES;
				CLANG_WARN_EMPTY_BODY = YES;
				CLANG_WARN_ENUM_CONVERSION = YES;
				CLANG_WARN_INFINITE_RECURSION = YES;
				CLANG_WARN_INT_CONVERSION = YES;
				CLANG_WARN_NON_LITERAL_NULL_CONVERSION = YES;
				CLANG_WARN_OBJC_IMPLICIT_RETAIN_SELF = YES;
				CLANG_WARN_OBJC_LITERAL_CONVERSION = YES;
				CLANG_WARN_OBJC_ROOT_CLASS = YES_ERROR;
				CLANG_WARN_RANGE_LOOP_ANALYSIS = YES;
				CLANG_WARN_STRICT_PROTOTYPES = YES;
				CLANG_WARN_SUSPICIOUS_MOVE = YES;
				CLANG_WARN_UNGUARDED_AVAILABILITY = YES_AGGRESSIVE;
				CLANG_WARN_UNREACHABLE_CODE = YES;
				CLANG_WARN__DUPLICATE_METHOD_MATCH = YES;
				CODE_SIGN_IDENTITY = "iPhone Developer";
				COPY_PHASE_STRIP = NO;
				DEBUG_INFORMATION_FORMAT = dwarf;
				ENABLE_STRICT_OBJC_MSGSEND = YES;
				ENABLE_TESTABILITY = YES;
				GCC_C_LANGUAGE_STANDARD = gnu11;
				GCC_DYNAMIC_NO_PIC = NO;
				GCC_NO_COMMON_BLOCKS = YES;
				GCC_OPTIMIZATION_LEVEL = 0;
				GCC_PREPROCESSOR_DEFINITIONS = (
					"DEBUG=1",
					"$(inherited)",
				);
				GCC_WARN_64_TO_32_BIT_CONVERSION = YES;
				GCC_WARN_ABOUT_RETURN_TYPE = YES_ERROR;
				GCC_WARN_UNDECLARED_SELECTOR = YES;
				GCC_WARN_UNINITIALIZED_AUTOS = YES_AGGRESSIVE;
				GCC_WARN_UNUSED_FUNCTION = YES;
				GCC_WARN_UNUSED_VARIABLE = YES;
				IPHONEOS_DEPLOYMENT_TARGET = 12.4;
				MTL_ENABLE_DEBUG_INFO = INCLUDE_SOURCE;
				MTL_FAST_MATH = YES;
				ONLY_ACTIVE_ARCH = YES;
				SDKROOT = iphoneos;
			};
			name = Debug;
		};
		182CA14B23278437005DC701 /* Release */ = {
			isa = XCBuildConfiguration;
			buildSettings = {
				ALWAYS_SEARCH_USER_PATHS = NO;
				CLANG_ANALYZER_NONNULL = YES;
				CLANG_ANALYZER_NUMBER_OBJECT_CONVERSION = YES_AGGRESSIVE;
				CLANG_CXX_LANGUAGE_STANDARD = "gnu++14";
				CLANG_CXX_LIBRARY = "libc++";
				CLANG_ENABLE_MODULES = YES;
				CLANG_ENABLE_OBJC_ARC = YES;
				CLANG_ENABLE_OBJC_WEAK = YES;
				CLANG_WARN_BLOCK_CAPTURE_AUTORELEASING = YES;
				CLANG_WARN_BOOL_CONVERSION = YES;
				CLANG_WARN_COMMA = YES;
				CLANG_WARN_CONSTANT_CONVERSION = YES;
				CLANG_WARN_DEPRECATED_OBJC_IMPLEMENTATIONS = YES;
				CLANG_WARN_DIRECT_OBJC_ISA_USAGE = YES_ERROR;
				CLANG_WARN_DOCUMENTATION_COMMENTS = YES;
				CLANG_WARN_EMPTY_BODY = YES;
				CLANG_WARN_ENUM_CONVERSION = YES;
				CLANG_WARN_INFINITE_RECURSION = YES;
				CLANG_WARN_INT_CONVERSION = YES;
				CLANG_WARN_NON_LITERAL_NULL_CONVERSION = YES;
				CLANG_WARN_OBJC_IMPLICIT_RETAIN_SELF = YES;
				CLANG_WARN_OBJC_LITERAL_CONVERSION = YES;
				CLANG_WARN_OBJC_ROOT_CLASS = YES_ERROR;
				CLANG_WARN_RANGE_LOOP_ANALYSIS = YES;
				CLANG_WARN_STRICT_PROTOTYPES = YES;
				CLANG_WARN_SUSPICIOUS_MOVE = YES;
				CLANG_WARN_UNGUARDED_AVAILABILITY = YES_AGGRESSIVE;
				CLANG_WARN_UNREACHABLE_CODE = YES;
				CLANG_WARN__DUPLICATE_METHOD_MATCH = YES;
				CODE_SIGN_IDENTITY = "iPhone Developer";
				COPY_PHASE_STRIP = NO;
				DEBUG_INFORMATION_FORMAT = "dwarf-with-dsym";
				ENABLE_NS_ASSERTIONS = NO;
				ENABLE_STRICT_OBJC_MSGSEND = YES;
				GCC_C_LANGUAGE_STANDARD = gnu11;
				GCC_NO_COMMON_BLOCKS = YES;
				GCC_WARN_64_TO_32_BIT_CONVERSION = YES;
				GCC_WARN_ABOUT_RETURN_TYPE = YES_ERROR;
				GCC_WARN_UNDECLARED_SELECTOR = YES;
				GCC_WARN_UNINITIALIZED_AUTOS = YES_AGGRESSIVE;
				GCC_WARN_UNUSED_FUNCTION = YES;
				GCC_WARN_UNUSED_VARIABLE = YES;
				IPHONEOS_DEPLOYMENT_TARGET = 12.4;
				MTL_ENABLE_DEBUG_INFO = NO;
				MTL_FAST_MATH = YES;
				SDKROOT = iphoneos;
				VALIDATE_PRODUCT = YES;
			};
			name = Release;
		};
		182CA14D23278437005DC701 /* Debug */ = {
			isa = XCBuildConfiguration;
			baseConfigurationReference = 3990206937FB3E2C4DB56585 /* Pods-NetWorkRequestDemo.debug.xcconfig */;
			buildSettings = {
				ASSETCATALOG_COMPILER_APPICON_NAME = AppIcon;
				CODE_SIGN_STYLE = Automatic;
				DEVELOPMENT_TEAM = 8652BLYV2P;
				INFOPLIST_FILE = NetWorkRequestDemo/Info.plist;
				LD_RUNPATH_SEARCH_PATHS = (
					"$(inherited)",
					"@executable_path/Frameworks",
				);
				PRODUCT_BUNDLE_IDENTIFIER = com.yammii.http.NetWorkRequestDemo;
				PRODUCT_NAME = "$(TARGET_NAME)";
				TARGETED_DEVICE_FAMILY = "1,2";
			};
			name = Debug;
		};
		182CA14E23278437005DC701 /* Release */ = {
			isa = XCBuildConfiguration;
			baseConfigurationReference = AE8833115DFB8EDD1C81D7F9 /* Pods-NetWorkRequestDemo.release.xcconfig */;
			buildSettings = {
				ASSETCATALOG_COMPILER_APPICON_NAME = AppIcon;
				CODE_SIGN_STYLE = Automatic;
				DEVELOPMENT_TEAM = 8652BLYV2P;
				INFOPLIST_FILE = NetWorkRequestDemo/Info.plist;
				LD_RUNPATH_SEARCH_PATHS = (
					"$(inherited)",
					"@executable_path/Frameworks",
				);
				PRODUCT_BUNDLE_IDENTIFIER = com.yammii.http.NetWorkRequestDemo;
				PRODUCT_NAME = "$(TARGET_NAME)";
				TARGETED_DEVICE_FAMILY = "1,2";
			};
			name = Release;
		};
/* End XCBuildConfiguration section */

/* Begin XCConfigurationList section */
		182CA13123278436005DC701 /* Build configuration list for PBXProject "NetWorkRequestDemo" */ = {
			isa = XCConfigurationList;
			buildConfigurations = (
				182CA14A23278437005DC701 /* Debug */,
				182CA14B23278437005DC701 /* Release */,
			);
			defaultConfigurationIsVisible = 0;
			defaultConfigurationName = Release;
		};
		182CA14C23278437005DC701 /* Build configuration list for PBXNativeTarget "NetWorkRequestDemo" */ = {
			isa = XCConfigurationList;
			buildConfigurations = (
				182CA14D23278437005DC701 /* Debug */,
				182CA14E23278437005DC701 /* Release */,
			);
			defaultConfigurationIsVisible = 0;
			defaultConfigurationName = Release;
		};
/* End XCConfigurationList section */
	};
	rootObject = 182CA12E23278436005DC701 /* Project object */;
}
